
Microsoft Visual Studio Solution File, Format Version 12.00
# Visual Studio 15
VisualStudioVersion = 15.0.27428.2037
MinimumVisualStudioVersion = 10.0.40219.1
Project("{FAE04EC0-301F-11D3-BF4B-00C04F79EFBC}") = "SieveOfEratosthenes", "SieveOfEratosthenes.csproj", "{E0CB055D-10DB-42B1-BB3A-6BD367D9325E}"
EndProject
Global
	GlobalSection(SolutionConfigurationPlatforms) = preSolution
		Debug|Any CPU = Debug|Any CPU
		Release|Any CPU = Release|Any CPU
	EndGlobalSection
	GlobalSection(ProjectConfigurationPlatforms) = postSolution
		{E0CB055D-10DB-42B1-BB3A-6BD367D9325E}.Debug|Any CPU.ActiveCfg = Debug|Any CPU
		{E0CB055D-10DB-42B1-BB3A-6BD367D9325E}.Debug|Any CPU.Build.0 = Debug|Any CPU
		{E0CB055D-10DB-42B1-BB3A-6BD367D9325E}.Release|Any CPU.ActiveCfg = Release|Any CPU
		{E0CB055D-10DB-42B1-BB3A-6BD367D9325E}.Release|Any CPU.Build.0 = Release|Any CPU
	EndGlobalSection
	GlobalSection(SolutionProperties) = preSolution
		HideSolutionNode = FALSE
	EndGlobalSection
	GlobalSection(ExtensibilityGlobals) = postSolution
		SolutionGuid = {44BB7545-AF00-4752-B63E-82F9B87BD30B}
	EndGlobalSection
EndGlobal
